// !$*UTF8*$!
{
	archiveVersion = 1;
	classes = {
	};
	objectVersion = 46;
	objects = {

/* Begin PBXBuildFile section */
		A72796231F80B2B800CCC33F /* AppDelegate.swift in Sources */ = {isa = PBXBuildFile; fileRef = A72796221F80B2B800CCC33F /* AppDelegate.swift */; };
		A72796251F80B2B800CCC33F /* ViewController.swift in Sources */ = {isa = PBXBuildFile; fileRef = A72796241F80B2B800CCC33F /* ViewController.swift */; };
		A72796281F80B2B800CCC33F /* Main.storyboard in Resources */ = {isa = PBXBuildFile; fileRef = A72796261F80B2B800CCC33F /* Main.storyboard */; };
		A727962B1F80B2B800CCC33F /* Myproject.xcdatamodeld in Sources */ = {isa = PBXBuildFile; fileRef = A72796291F80B2B800CCC33F /* Myproject.xcdatamodeld */; };
		A727962D1F80B2B800CCC33F /* Assets.xcassets in Resources */ = {isa = PBXBuildFile; fileRef = A727962C1F80B2B800CCC33F /* Assets.xcassets */; };
		A72796301F80B2B800CCC33F /* LaunchScreen.storyboard in Resources */ = {isa = PBXBuildFile; fileRef = A727962E1F80B2B800CCC33F /* LaunchScreen.storyboard */; };
		A727963B1F80B2B800CCC33F /* MyprojectTests.swift in Sources */ = {isa = PBXBuildFile; fileRef = A727963A1F80B2B800CCC33F /* MyprojectTests.swift */; };
		A72796461F80B2B800CCC33F /* MyprojectUITests.swift in Sources */ = {isa = PBXBuildFile; fileRef = A72796451F80B2B800CCC33F /* MyprojectUITests.swift */; };
/* End PBXBuildFile section */

/* Begin PBXContainerItemProxy section */
		A72796371F80B2B800CCC33F /* PBXContainerItemProxy */ = {
			isa = PBXContainerItemProxy;
			containerPortal = A72796171F80B2B800CCC33F /* Project object */;
			proxyType = 1;
			remoteGlobalIDString = A727961E1F80B2B800CCC33F;
			remoteInfo = Myproject;
		};
		A72796421F80B2B800CCC33F /* PBXContainerItemProxy */ = {
			isa = PBXContainerItemProxy;
			containerPortal = A72796171F80B2B800CCC33F /* Project object */;
			proxyType = 1;
			remoteGlobalIDString = A727961E1F80B2B800CCC33F;
			remoteInfo = Myproject;
		};
/* End PBXContainerItemProxy section */

/* Begin PBXFileReference section */
		A727961F1F80B2B800CCC33F /* Myproject.app */ = {isa = PBXFileReference; explicitFileType = wrapper.application; includeInIndex = 0; path = Myproject.app; sourceTree = BUILT_PRODUCTS_DIR; };
		A72796221F80B2B800CCC33F /* AppDelegate.swift */ = {isa = PBXFileReference; lastKnownFileType = sourcecode.swift; path = AppDelegate.swift; sourceTree = "<group>"; };
		A72796241F80B2B800CCC33F /* ViewController.swift */ = {isa = PBXFileReference; lastKnownFileType = sourcecode.swift; path = ViewController.swift; sourceTree = "<group>"; };
		A72796271F80B2B800CCC33F /* Base */ = {isa = PBXFileReference; lastKnownFileType = file.storyboard; name = Base; path = Base.lproj/Main.storyboard; sourceTree = "<group>"; };
		A727962A1F80B2B800CCC33F /* Myproject.xcdatamodel */ = {isa = PBXFileReference; lastKnownFileType = wrapper.xcdatamodel; path = Myproject.xcdatamodel; sourceTree = "<group>"; };
		A727962C1F80B2B800CCC33F /* Assets.xcassets */ = {isa = PBXFileReference; lastKnownFileType = folder.assetcatalog; path = Assets.xcassets; sourceTree = "<group>"; };
		A727962F1F80B2B800CCC33F /* Base */ = {isa = PBXFileReference; lastKnownFileType = file.storyboard; name = Base; path = Base.lproj/LaunchScreen.storyboard; sourceTree = "<group>"; };
		A72796311F80B2B800CCC33F /* Info.plist */ = {isa = PBXFileReference; lastKnownFileType = text.plist.xml; path = Info.plist; sourceTree = "<group>"; };
		A72796361F80B2B800CCC33F /* MyprojectTests.xctest */ = {isa = PBXFileReference; explicitFileType = wrapper.cfbundle; includeInIndex = 0; path = MyprojectTests.xctest; sourceTree = BUILT_PRODUCTS_DIR; };
		A727963A1F80B2B800CCC33F /* MyprojectTests.swift */ = {isa = PBXFileReference; lastKnownFileType = sourcecode.swift; path = MyprojectTests.swift; sourceTree = "<group>"; };
		A727963C1F80B2B800CCC33F /* Info.plist */ = {isa = PBXFileReference; lastKnownFileType = text.plist.xml; path = Info.plist; sourceTree = "<group>"; };
		A72796411F80B2B800CCC33F /* MyprojectUITests.xctest */ = {isa = PBXFileReference; explicitFileType = wrapper.cfbundle; includeInIndex = 0; path = MyprojectUITests.xctest; sourceTree = BUILT_PRODUCTS_DIR; };
		A72796451F80B2B800CCC33F /* MyprojectUITests.swift */ = {isa = PBXFileReference; lastKnownFileType = sourcecode.swift; path = MyprojectUITests.swift; sourceTree = "<group>"; };
		A72796471F80B2B800CCC33F /* Info.plist */ = {isa = PBXFileReference; lastKnownFileType = text.plist.xml; path = Info.plist; sourceTree = "<group>"; };
/* End PBXFileReference section */

/* Begin PBXFrameworksBuildPhase section */
		A727961C1F80B2B800CCC33F /* Frameworks */ = {
			isa = PBXFrameworksBuildPhase;
			buildActionMask = 2147483647;
			files = (
			);
			runOnlyForDeploymentPostprocessing = 0;
		};
		A72796331F80B2B800CCC33F /* Frameworks */ = {
			isa = PBXFrameworksBuildPhase;
			buildActionMask = 2147483647;
			files = (
			);
			runOnlyForDeploymentPostprocessing = 0;
		};
		A727963E1F80B2B800CCC33F /* Frameworks */ = {
			isa = PBXFrameworksBuildPhase;
			buildActionMask = 2147483647;
			files = (
			);
			runOnlyForDeploymentPostprocessing = 0;
		};
/* End PBXFrameworksBuildPhase section */

/* Begin PBXGroup section */
		A72796161F80B2B800CCC33F = {
			isa = PBXGroup;
			children = (
				A72796211F80B2B800CCC33F /* Myproject */,
				A72796391F80B2B800CCC33F /* MyprojectTests */,
				A72796441F80B2B800CCC33F /* MyprojectUITests */,
				A72796201F80B2B800CCC33F /* Products */,
			);
			sourceTree = "<group>";
		};
		A72796201F80B2B800CCC33F /* Products */ = {
			isa = PBXGroup;
			children = (
				A727961F1F80B2B800CCC33F /* Myproject.app */,
				A72796361F80B2B800CCC33F /* MyprojectTests.xctest */,
				A72796411F80B2B800CCC33F /* MyprojectUITests.xctest */,
			);
			name = Products;
			sourceTree = "<group>";
		};
		A72796211F80B2B800CCC33F /* Myproject */ = {
			isa = PBXGroup;
			children = (
				A72796221F80B2B800CCC33F /* AppDelegate.swift */,
				A72796241F80B2B800CCC33F /* ViewController.swift */,
				A72796261F80B2B800CCC33F /* Main.storyboard */,
				A727962C1F80B2B800CCC33F /* Assets.xcassets */,
				A727962E1F80B2B800CCC33F /* LaunchScreen.storyboard */,
				A72796311F80B2B800CCC33F /* Info.plist */,
				A72796291F80B2B800CCC33F /* Myproject.xcdatamodeld */,
			);
			path = Myproject;
			sourceTree = "<group>";
		};
		A72796391F80B2B800CCC33F /* MyprojectTests */ = {
			isa = PBXGroup;
			children = (
				A727963A1F80B2B800CCC33F /* MyprojectTests.swift */,
				A727963C1F80B2B800CCC33F /* Info.plist */,
			);
			path = MyprojectTests;
			sourceTree = "<group>";
		};
		A72796441F80B2B800CCC33F /* MyprojectUITests */ = {
			isa = PBXGroup;
			children = (
				A72796451F80B2B800CCC33F /* MyprojectUITests.swift */,
				A72796471F80B2B800CCC33F /* Info.plist */,
			);
			path = MyprojectUITests;
			sourceTree = "<group>";
		};
/* End PBXGroup section */

/* Begin PBXNativeTarget section */
		A727961E1F80B2B800CCC33F /* Myproject */ = {
			isa = PBXNativeTarget;
			buildConfigurationList = A727964A1F80B2B800CCC33F /* Build configuration list for PBXNativeTarget "Myproject" */;
			buildPhases = (
				A727961B1F80B2B800CCC33F /* Sources */,
				A727961C1F80B2B800CCC33F /* Frameworks */,
				A727961D1F80B2B800CCC33F /* Resources */,
			);
			buildRules = (
			);
			dependencies = (
			);
			name = Myproject;
			productName = Myproject;
			productReference = A727961F1F80B2B800CCC33F /* Myproject.app */;
			productType = "com.apple.product-type.application";
		};
		A72796351F80B2B800CCC33F /* MyprojectTests */ = {
			isa = PBXNativeTarget;
			buildConfigurationList = A727964D1F80B2B800CCC33F /* Build configuration list for PBXNativeTarget "MyprojectTests" */;
			buildPhases = (
				A72796321F80B2B800CCC33F /* Sources */,
				A72796331F80B2B800CCC33F /* Frameworks */,
				A72796341F80B2B800CCC33F /* Resources */,
			);
			buildRules = (
			);
			dependencies = (
				A72796381F80B2B800CCC33F /* PBXTargetDependency */,
			);
			name = MyprojectTests;
			productName = MyprojectTests;
			productReference = A72796361F80B2B800CCC33F /* MyprojectTests.xctest */;
			productType = "com.apple.product-type.bundle.unit-test";
		};
		A72796401F80B2B800CCC33F /* MyprojectUITests */ = {
			isa = PBXNativeTarget;
			buildConfigurationList = A72796501F80B2B800CCC33F /* Build configuration list for PBXNativeTarget "MyprojectUITests" */;
			buildPhases = (
				A727963D1F80B2B800CCC33F /* Sources */,
				A727963E1F80B2B800CCC33F /* Frameworks */,
				A727963F1F80B2B800CCC33F /* Resources */,
			);
			buildRules = (
			);
			dependencies = (
				A72796431F80B2B800CCC33F /* PBXTargetDependency */,
			);
			name = MyprojectUITests;
			productName = MyprojectUITests;
			productReference = A72796411F80B2B800CCC33F /* MyprojectUITests.xctest */;
			productType = "com.apple.product-type.bundle.ui-testing";
		};
/* End PBXNativeTarget section */

/* Begin PBXProject section */
		A72796171F80B2B800CCC33F /* Project object */ = {
			isa = PBXProject;
			attributes = {
				LastSwiftUpdateCheck = 0830;
				LastUpgradeCheck = 0830;
				ORGANIZATIONNAME = "Padma kumar";
				TargetAttributes = {
					A727961E1F80B2B800CCC33F = {
						CreatedOnToolsVersion = 8.3.2;
						DevelopmentTeam = 3S7SA97273;
						ProvisioningStyle = Automatic;
					};
					A72796351F80B2B800CCC33F = {
						CreatedOnToolsVersion = 8.3.2;
						DevelopmentTeam = 3S7SA97273;
						ProvisioningStyle = Automatic;
						TestTargetID = A727961E1F80B2B800CCC33F;
					};
					A72796401F80B2B800CCC33F = {
						CreatedOnToolsVersion = 8.3.2;
						DevelopmentTeam = 3S7SA97273;
						ProvisioningStyle = Automatic;
						TestTargetID = A727961E1F80B2B800CCC33F;
					};
				};
			};
			buildConfigurationList = A727961A1F80B2B800CCC33F /* Build configuration list for PBXProject "Myproject" */;
			compatibilityVersion = "Xcode 3.2";
			developmentRegion = English;
			hasScannedForEncodings = 0;
			knownRegions = (
				en,
				Base,
			);
			mainGroup = A72796161F80B2B800CCC33F;
			productRefGroup = A72796201F80B2B800CCC33F /* Products */;
			projectDirPath = "";
			projectRoot = "";
			targets = (
				A727961E1F80B2B800CCC33F /* Myproject */,
				A72796351F80B2B800CCC33F /* MyprojectTests */,
				A72796401F80B2B800CCC33F /* MyprojectUITests */,
			);
		};
/* End PBXProject section */

/* Begin PBXResourcesBuildPhase section */
		A727961D1F80B2B800CCC33F /* Resources */ = {
			isa = PBXResourcesBuildPhase;
			buildActionMask = 2147483647;
			files = (
				A72796301F80B2B800CCC33F /* LaunchScreen.storyboard in Resources */,
				A727962D1F80B2B800CCC33F /* Assets.xcassets in Resources */,
				A72796281F80B2B800CCC33F /* Main.storyboard in Resources */,
			);
			runOnlyForDeploymentPostprocessing = 0;
		};
		A72796341F80B2B800CCC33F /* Resources */ = {
			isa = PBXResourcesBuildPhase;
			buildActionMask = 2147483647;
			files = (
			);
			runOnlyForDeploymentPostprocessing = 0;
		};
		A727963F1F80B2B800CCC33F /* Resources */ = {
			isa = PBXResourcesBuildPhase;
			buildActionMask = 2147483647;
			files = (
			);
			runOnlyForDeploymentPostprocessing = 0;
		};
/* End PBXResourcesBuildPhase section */

/* Begin PBXSourcesBuildPhase section */
		A727961B1F80B2B800CCC33F /* Sources */ = {
			isa = PBXSourcesBuildPhase;
			buildActionMask = 2147483647;
			files = (
				A727962B1F80B2B800CCC33F /* Myproject.xcdatamodeld in Sources */,
				A72796251F80B2B800CCC33F /* ViewController.swift in Sources */,
				A72796231F80B2B800CCC33F /* AppDelegate.swift in Sources */,
			);
			runOnlyForDeploymentPostprocessing = 0;
		};
		A72796321F80B2B800CCC33F /* Sources */ = {
			isa = PBXSourcesBuildPhase;
			buildActionMask = 2147483647;
			files = (
				A727963B1F80B2B800CCC33F /* MyprojectTests.swift in Sources */,
			);
			runOnlyForDeploymentPostprocessing = 0;
		};
		A727963D1F80B2B800CCC33F /* Sources */ = {
			isa = PBXSourcesBuildPhase;
			buildActionMask = 2147483647;
			files = (
				A72796461F80B2B800CCC33F /* MyprojectUITests.swift in Sources */,
			);
			runOnlyForDeploymentPostprocessing = 0;
		};
/* End PBXSourcesBuildPhase section */

/* Begin PBXTargetDependency section */
		A72796381F80B2B800CCC33F /* PBXTargetDependency */ = {
			isa = PBXTargetDependency;
			target = A727961E1F80B2B800CCC33F /* Myproject */;
			targetProxy = A72796371F80B2B800CCC33F /* PBXContainerItemProxy */;
		};
		A72796431F80B2B800CCC33F /* PBXTargetDependency */ = {
			isa = PBXTargetDependency;
			target = A727961E1F80B2B800CCC33F /* Myproject */;
			targetProxy = A72796421F80B2B800CCC33F /* PBXContainerItemProxy */;
		};
/* End PBXTargetDependency section */

/* Begin PBXVariantGroup section */
		A72796261F80B2B800CCC33F /* Main.storyboard */ = {
			isa = PBXVariantGroup;
			children = (
				A72796271F80B2B800CCC33F /* Base */,
			);
			name = Main.storyboard;
			sourceTree = "<group>";
		};
		A727962E1F80B2B800CCC33F /* LaunchScreen.storyboard */ = {
			isa = PBXVariantGroup;
			children = (
				A727962F1F80B2B800CCC33F /* Base */,
			);
			name = LaunchScreen.storyboard;
			sourceTree = "<group>";
		};
/* End PBXVariantGroup section */

/* Begin XCBuildConfiguration section */
		A72796481F80B2B800CCC33F /* Debug */ = {
			isa = XCBuildConfiguration;
			buildSettings = {
				ALWAYS_SEARCH_USER_PATHS = NO;
				CLANG_ANALYZER_NONNULL = YES;
				CLANG_ANALYZER_NUMBER_OBJECT_CONVERSION = YES_AGGRESSIVE;
				CLANG_CXX_LANGUAGE_STANDARD = "gnu++0x";
				CLANG_CXX_LIBRARY = "libc++";
				CLANG_ENABLE_MODULES = YES;
				CLANG_ENABLE_OBJC_ARC = YES;
				CLANG_WARN_BOOL_CONVERSION = YES;
				CLANG_WARN_CONSTANT_CONVERSION = YES;
				CLANG_WARN_DIRECT_OBJC_ISA_USAGE = YES_ERROR;
				CLANG_WARN_DOCUMENTATION_COMMENTS = YES;
				CLANG_WARN_EMPTY_BODY = YES;
				CLANG_WARN_ENUM_CONVERSION = YES;
				CLANG_WARN_INFINITE_RECURSION = YES;
				CLANG_WARN_INT_CONVERSION = YES;
				CLANG_WARN_OBJC_ROOT_CLASS = YES_ERROR;
				CLANG_WARN_SUSPICIOUS_MOVE = YES;
				CLANG_WARN_UNREACHABLE_CODE = YES;
				CLANG_WARN__DUPLICATE_METHOD_MATCH = YES;
				"CODE_SIGN_IDENTITY[sdk=iphoneos*]" = "iPhone Developer";
				COPY_PHASE_STRIP = NO;
				DEBUG_INFORMATION_FORMAT = dwarf;
				ENABLE_STRICT_OBJC_MSGSEND = YES;
				ENABLE_TESTABILITY = YES;
				GCC_C_LANGUAGE_STANDARD = gnu99;
				GCC_DYNAMIC_NO_PIC = NO;
				GCC_NO_COMMON_BLOCKS = YES;
				GCC_OPTIMIZATION_LEVEL = 0;
				GCC_PREPROCESSOR_DEFINITIONS = (
					"DEBUG=1",
					"$(inherited)",
				);
				GCC_WARN_64_TO_32_BIT_CONVERSION = YES;
				GCC_WARN_ABOUT_RETURN_TYPE = YES_ERROR;
				GCC_WARN_UNDECLARED_SELECTOR = YES;
				GCC_WARN_UNINITIALIZED_AUTOS = YES_AGGRESSIVE;
				GCC_WARN_UNUSED_FUNCTION = YES;
				GCC_WARN_UNUSED_VARIABLE = YES;
				IPHONEOS_DEPLOYMENT_TARGET = 10.3;
				MTL_ENABLE_DEBUG_INFO = YES;
				ONLY_ACTIVE_ARCH = YES;
				SDKROOT = iphoneos;
				SWIFT_ACTIVE_COMPILATION_CONDITIONS = DEBUG;
				SWIFT_OPTIMIZATION_LEVEL = "-Onone";
				TARGETED_DEVICE_FAMILY = "1,2";
			};
			name = Debug;
		};
		A72796491F80B2B800CCC33F /* Release */ = {
			isa = XCBuildConfiguration;
			buildSettings = {
				ALWAYS_SEARCH_USER_PATHS = NO;
				CLANG_ANALYZER_NONNULL = YES;
				CLANG_ANALYZER_NUMBER_OBJECT_CONVERSION = YES_AGGRESSIVE;
				CLANG_CXX_LANGUAGE_STANDARD = "gnu++0x";
				CLANG_CXX_LIBRARY = "libc++";
				CLANG_ENABLE_MODULES = YES;
				CLANG_ENABLE_OBJC_ARC = YES;
				CLANG_WARN_BOOL_CONVERSION = YES;
				CLANG_WARN_CONSTANT_CONVERSION = YES;
				CLANG_WARN_DIRECT_OBJC_ISA_USAGE = YES_ERROR;
				CLANG_WARN_DOCUMENTATION_COMMENTS = YES;
				CLANG_WARN_EMPTY_BODY = YES;
				CLANG_WARN_ENUM_CONVERSION = YES;
				CLANG_WARN_INFINITE_RECURSION = YES;
				CLANG_WARN_INT_CONVERSION = YES;
				CLANG_WARN_OBJC_ROOT_CLASS = YES_ERROR;
				CLANG_WARN_SUSPICIOUS_MOVE = YES;
				CLANG_WARN_UNREACHABLE_CODE = YES;
				CLANG_WARN__DUPLICATE_METHOD_MATCH = YES;
				"CODE_SIGN_IDENTITY[sdk=iphoneos*]" = "iPhone Developer";
				COPY_PHASE_STRIP = NO;
				DEBUG_INFORMATION_FORMAT = "dwarf-with-dsym";
				ENABLE_NS_ASSERTIONS = NO;
				ENABLE_STRICT_OBJC_MSGSEND = YES;
				GCC_C_LANGUAGE_STANDARD = gnu99;
				GCC_NO_COMMON_BLOCKS = YES;
				GCC_WARN_64_TO_32_BIT_CONVERSION = YES;
				GCC_WARN_ABOUT_RETURN_TYPE = YES_ERROR;
				GCC_WARN_UNDECLARED_SELECTOR = YES;
				GCC_WARN_UNINITIALIZED_AUTOS = YES_AGGRESSIVE;
				GCC_WARN_UNUSED_FUNCTION = YES;
				GCC_WARN_UNUSED_VARIABLE = YES;
				IPHONEOS_DEPLOYMENT_TARGET = 10.3;
				MTL_ENABLE_DEBUG_INFO = NO;
				SDKROOT = iphoneos;
				SWIFT_OPTIMIZATION_LEVEL = "-Owholemodule";
				TARGETED_DEVICE_FAMILY = "1,2";
				VALIDATE_PRODUCT = YES;
			};
			name = Release;
		};
		A727964B1F80B2B800CCC33F /* Debug */ = {
			isa = XCBuildConfiguration;
			buildSettings = {
				ASSETCATALOG_COMPILER_APPICON_NAME = AppIcon;
				DEVELOPMENT_TEAM = 3S7SA97273;
				INFOPLIST_FILE = Myproject/Info.plist;
				LD_RUNPATH_SEARCH_PATHS = "$(inherited) @executable_path/Frameworks";
				PRODUCT_BUNDLE_IDENTIFIER = SmartWorks.Myproject;
				PRODUCT_NAME = "$(TARGET_NAME)";
				SWIFT_VERSION = 3.0;
			};
			name = Debug;
		};
		A727964C1F80B2B800CCC33F /* Release */ = {
			isa = XCBuildConfiguration;
			buildSettings = {
				ASSETCATALOG_COMPILER_APPICON_NAME = AppIcon;
				DEVELOPMENT_TEAM = 3S7SA97273;
				INFOPLIST_FILE = Myproject/Info.plist;
				LD_RUNPATH_SEARCH_PATHS = "$(inherited) @executable_path/Frameworks";
				PRODUCT_BUNDLE_IDENTIFIER = SmartWorks.Myproject;
				PRODUCT_NAME = "$(TARGET_NAME)";
				SWIFT_VERSION = 3.0;
			};
			name = Release;
		};
		A727964E1F80B2B800CCC33F /* Debug */ = {
			isa = XCBuildConfiguration;
			buildSettings = {
				ALWAYS_EMBED_SWIFT_STANDARD_LIBRARIES = YES;
				BUNDLE_LOADER = "$(TEST_HOST)";
				DEVELOPMENT_TEAM = 3S7SA97273;
				INFOPLIST_FILE = MyprojectTests/Info.plist;
				LD_RUNPATH_SEARCH_PATHS = "$(inherited) @executable_path/Frameworks @loader_path/Frameworks";
				PRODUCT_BUNDLE_IDENTIFIER = SmartWorks.MyprojectTests;
				PRODUCT_NAME = "$(TARGET_NAME)";
				SWIFT_VERSION = 3.0;
				TEST_HOST = "$(BUILT_PRODUCTS_DIR)/Myproject.app/Myproject";
			};
			name = Debug;
		};
		A727964F1F80B2B800CCC33F /* Release */ = {
			isa = XCBuildConfiguration;
			buildSettings = {
				ALWAYS_EMBED_SWIFT_STANDARD_LIBRARIES = YES;
				BUNDLE_LOADER = "$(TEST_HOST)";
				DEVELOPMENT_TEAM = 3S7SA97273;
				INFOPLIST_FILE = MyprojectTests/Info.plist;
				LD_RUNPATH_SEARCH_PATHS = "$(inherited) @executable_path/Frameworks @loader_path/Frameworks";
				PRODUCT_BUNDLE_IDENTIFIER = SmartWorks.MyprojectTests;
				PRODUCT_NAME = "$(TARGET_NAME)";
				SWIFT_VERSION = 3.0;
				TEST_HOST = "$(BUILT_PRODUCTS_DIR)/Myproject.app/Myproject";
			};
			name = Release;
		};
		A72796511F80B2B800CCC33F /* Debug */ = {
			isa = XCBuildConfiguration;
			buildSettings = {
				ALWAYS_EMBED_SWIFT_STANDARD_LIBRARIES = YES;
				DEVELOPMENT_TEAM = 3S7SA97273;
				INFOPLIST_FILE = MyprojectUITests/Info.plist;
				LD_RUNPATH_SEARCH_PATHS = "$(inherited) @executable_path/Frameworks @loader_path/Frameworks";
				PRODUCT_BUNDLE_IDENTIFIER = SmartWorks.MyprojectUITests;
				PRODUCT_NAME = "$(TARGET_NAME)";
				SWIFT_VERSION = 3.0;
				TEST_TARGET_NAME = Myproject;
			};
			name = Debug;
		};
		A72796521F80B2B800CCC33F /* Release */ = {
			isa = XCBuildConfiguration;
			buildSettings = {
				ALWAYS_EMBED_SWIFT_STANDARD_LIBRARIES = YES;
				DEVELOPMENT_TEAM = 3S7SA97273;
				INFOPLIST_FILE = MyprojectUITests/Info.plist;
				LD_RUNPATH_SEARCH_PATHS = "$(inherited) @executable_path/Frameworks @loader_path/Frameworks";
				PRODUCT_BUNDLE_IDENTIFIER = SmartWorks.MyprojectUITests;
				PRODUCT_NAME = "$(TARGET_NAME)";
				SWIFT_VERSION = 3.0;
				TEST_TARGET_NAME = Myproject;
			};
			name = Release;
		};
/* End XCBuildConfiguration section */

/* Begin XCConfigurationList section */
		A727961A1F80B2B800CCC33F /* Build configuration list for PBXProject "Myproject" */ = {
			isa = XCConfigurationList;
			buildConfigurations = (
				A72796481F80B2B800CCC33F /* Debug */,
				A72796491F80B2B800CCC33F /* Release */,
			);
			defaultConfigurationIsVisible = 0;
			defaultConfigurationName = Release;
		};
		A727964A1F80B2B800CCC33F /* Build configuration list for PBXNativeTarget "Myproject" */ = {
			isa = XCConfigurationList;
			buildConfigurations = (
				A727964B1F80B2B800CCC33F /* Debug */,
				A727964C1F80B2B800CCC33F /* Release */,
			);
			defaultConfigurationIsVisible = 0;
		};
		A727964D1F80B2B800CCC33F /* Build configuration list for PBXNativeTarget "MyprojectTests" */ = {
			isa = XCConfigurationList;
			buildConfigurations = (
				A727964E1F80B2B800CCC33F /* Debug */,
				A727964F1F80B2B800CCC33F /* Release */,
			);
			defaultConfigurationIsVisible = 0;
		};
		A72796501F80B2B800CCC33F /* Build configuration list for PBXNativeTarget "MyprojectUITests" */ = {
			isa = XCConfigurationList;
			buildConfigurations = (
				A72796511F80B2B800CCC33F /* Debug */,
				A72796521F80B2B800CCC33F /* Release */,
			);
			defaultConfigurationIsVisible = 0;
		};
/* End XCConfigurationList section */

/* Begin XCVersionGroup section */
		A72796291F80B2B800CCC33F /* Myproject.xcdatamodeld */ = {
			isa = XCVersionGroup;
			children = (
				A727962A1F80B2B800CCC33F /* Myproject.xcdatamodel */,
			);
			currentVersion = A727962A1F80B2B800CCC33F /* Myproject.xcdatamodel */;
			path = Myproject.xcdatamodeld;
			sourceTree = "<group>";
			versionGroupType = wrapper.xcdatamodel;
		};
/* End XCVersionGroup section */
	};
	rootObject = A72796171F80B2B800CCC33F /* Project object */;
}
